
Microsoft Visual Studio Solution File, Format Version 12.00
# Visual Studio Version 18
VisualStudioVersion = 18.5.11626.173
MinimumVisualStudioVersion = 10.0.40219.1
Project("{FAE04EC0-301F-11D3-BF4B-00C04F79EFBC}") = "Orkeon.Domain", "..\src\core\Orkeon.Domain\Orkeon.Domain.csproj", "{36D3BDF8-08A4-4154-B080-8D5273DEDEDE}"
EndProject
Project("{FAE04EC0-301F-11D3-BF4B-00C04F79EFBC}") = "Orkeon.Application", "..\src\core\Orkeon.Application\Orkeon.Application.csproj", "{BB2A2E09-0CF9-4E19-BFC8-1C0DB4895E2F}"
EndProject
Project("{FAE04EC0-301F-11D3-BF4B-00C04F79EFBC}") = "Orkeon.Infrastructure", "..\src\core\Orkeon.Infrastructure\Orkeon.Infrastructure.csproj", "{D8513F9B-500F-488A-A33B-53F651C559EF}"
EndProject
Project("{FAE04EC0-301F-11D3-BF4B-00C04F79EFBC}") = "Orkeon.Tools.Abstractions", "..\src\tools\Orkeon.Tools.Abstractions\Orkeon.Tools.Abstractions.csproj", "{1893139E-8F3B-4C83-9206-C9470157060B}"
EndProject
Project("{FAE04EC0-301F-11D3-BF4B-00C04F79EFBC}") = "Orkeon.Tools.FileSystem", "..\src\tools\Orkeon.Tools.FileSystem\Orkeon.Tools.FileSystem.csproj", "{137A21FC-4ECD-4BC9-AC79-B89503FED3AC}"
EndProject
Project("{FAE04EC0-301F-11D3-BF4B-00C04F79EFBC}") = "Orkeon.Tools.Web", "..\src\tools\Orkeon.Tools.Web\Orkeon.Tools.Web.csproj", "{633A59F1-F599-4EBF-919E-AE8C225F112B}"
EndProject
Project("{FAE04EC0-301F-11D3-BF4B-00C04F79EFBC}") = "Orkeon.Tools.Data", "..\src\tools\Orkeon.Tools.Data\Orkeon.Tools.Data.csproj", "{3D9837E1-D753-4038-B82B-15FE90A87B6F}"
EndProject
Project("{FAE04EC0-301F-11D3-BF4B-00C04F79EFBC}") = "Orkeon.Tools.Code", "..\src\tools\Orkeon.Tools.Code\Orkeon.Tools.Code.csproj", "{6BD032E4-2462-466B-8448-0771182541D6}"
EndProject
Project("{FAE04EC0-301F-11D3-BF4B-00C04F79EFBC}") = "Orkeon.Cli", "..\src\cli\Orkeon.Cli\Orkeon.Cli.csproj", "{12107BBA-82EE-4A03-92FE-FE10B57AF55C}"
EndProject
Project("{FAE04EC0-301F-11D3-BF4B-00C04F79EFBC}") = "Orkeon.Compliance.Vfs", "..\src\analyzers\Orkeon.Compliance.Vfs\Orkeon.Compliance.Vfs.csproj", "{FA43CB0D-6282-4615-B8C9-7460289604A5}"
EndProject
Project("{FAE04EC0-301F-11D3-BF4B-00C04F79EFBC}") = "Orkeon.Cli.Abstractions", "..\src\cli\Orkeon.Cli.Abstractions\Orkeon.Cli.Abstractions.csproj", "{76457434-B479-470E-8CC1-792031A08526}"
EndProject
Project("{FAE04EC0-301F-11D3-BF4B-00C04F79EFBC}") = "Orkeon.Cli.TerminalGui", "..\src\cli\Orkeon.Cli.TerminalGui\Orkeon.Cli.TerminalGui.csproj", "{7EB11922-064B-4ABD-983F-36D3139550D2}"
EndProject
Project("{2150E333-8FDC-42A3-9474-1A3956D46DE8}") = "rag", "rag", "{AB1FBAF0-05C0-47EF-91DD-9DF5AAC4BC3E}"
EndProject
Project("{FAE04EC0-301F-11D3-BF4B-00C04F79EFBC}") = "BasicIngestion", "rag\basic-ingestion\BasicIngestion.csproj", "{C41CA7AE-D8C4-4C3A-9725-DF51D89BFBF8}"
EndProject
Project("{FAE04EC0-301F-11D3-BF4B-00C04F79EFBC}") = "Orkeon.Rag", "..\src\rag\Orkeon.Rag\Orkeon.Rag.csproj", "{59C81F5E-758C-48F5-875C-DCCA6F4C8F5D}"
EndProject
Project("{FAE04EC0-301F-11D3-BF4B-00C04F79EFBC}") = "Orkeon.Rag.Abstractions", "..\src\rag\Orkeon.Rag.Abstractions\Orkeon.Rag.Abstractions.csproj", "{761B598A-2140-4D14-9561-4B1D5975975E}"
EndProject
Project("{FAE04EC0-301F-11D3-BF4B-00C04F79EFBC}") = "Orkeon.Analysis.Abstractions", "..\src\analysis\Orkeon.Analysis.Abstractions\Orkeon.Analysis.Abstractions.csproj", "{A0E9FDEE-CA61-43BF-9CCC-29218BCA2916}"
EndProject
Project("{FAE04EC0-301F-11D3-BF4B-00C04F79EFBC}") = "Orkeon.Tools.Rag", "..\src\tools\Orkeon.Tools.Rag\Orkeon.Tools.Rag.csproj", "{745E10F2-AA2A-4977-80C6-DCB4551F4526}"
EndProject
Project("{FAE04EC0-301F-11D3-BF4B-00C04F79EFBC}") = "Orkeon.Tools.Embeddings.Local", "..\src\tools\Orkeon.Tools.Embeddings.Local\Orkeon.Tools.Embeddings.Local.csproj", "{ED05FF9F-1974-43DF-8600-DD7CFF91DE30}"
EndProject
Project("{FAE04EC0-301F-11D3-BF4B-00C04F79EFBC}") = "HybridRetrieval", "rag\hybrid-retrieval\HybridRetrieval.csproj", "{4F9A5F08-F0EC-4400-918C-3E3D3E90B10D}"
EndProject
Project("{FAE04EC0-301F-11D3-BF4B-00C04F79EFBC}") = "CustomReranker", "rag\custom-reranker\CustomReranker.csproj", "{845B0A04-28E9-4C4F-A2E8-1F736E513611}"
EndProject
Project("{FAE04EC0-301F-11D3-BF4B-00C04F79EFBC}") = "CrewYamlRag", "rag\crew-yaml\CrewYamlRag.csproj", "{2484794D-5493-462E-90B0-8BA0880AF245}"
EndProject
Project("{2150E333-8FDC-42A3-9474-1A3956D46DE8}") = "raggable-tree", "raggable-tree", "{34800CC1-E55D-4600-7E33-868B79EB3CE8}"
EndProject
Project("{2150E333-8FDC-42A3-9474-1A3956D46DE8}") = "basic-indexing", "basic-indexing", "{41B9F578-9AB5-3EFE-F43D-27F556036036}"
EndProject
Project("{FAE04EC0-301F-11D3-BF4B-00C04F79EFBC}") = "BasicIndexing", "raggable-tree\basic-indexing\BasicIndexing.csproj", "{7FDB427E-88DB-4258-ACD1-F6CD4643B90B}"
EndProject
Project("{FAE04EC0-301F-11D3-BF4B-00C04F79EFBC}") = "Orkeon.Analysis", "..\src\analysis\Orkeon.Analysis\Orkeon.Analysis.csproj", "{9129E65B-32D7-4D30-9E66-CD14C3AF9BCE}"
EndProject
Project("{FAE04EC0-301F-11D3-BF4B-00C04F79EFBC}") = "Orkeon.Constants.FileSystem", "..\src\constants\Orkeon.Constants.FileSystem\Orkeon.Constants.FileSystem.csproj", "{0CBBA03B-6AAE-49E3-8EC0-11965F5EA2A2}"
EndProject
Project("{FAE04EC0-301F-11D3-BF4B-00C04F79EFBC}") = "Orkeon.Constants.Llm", "..\src\constants\Orkeon.Constants.Llm\Orkeon.Constants.Llm.csproj", "{BCA4C160-A6B6-43F3-9318-B810E93EB61E}"
EndProject
Project("{2150E333-8FDC-42A3-9474-1A3956D46DE8}") = "custom-adapter", "custom-adapter", "{50C08EE9-1221-0593-2BEF-60429E51DF41}"
EndProject
Project("{FAE04EC0-301F-11D3-BF4B-00C04F79EFBC}") = "CustomAdapter", "raggable-tree\custom-adapter\CustomAdapter.csproj", "{3F8D8833-3C44-4FD8-9855-659DCE4EADC0}"
EndProject
Project("{2150E333-8FDC-42A3-9474-1A3956D46DE8}") = "local-embeddings", "local-embeddings", "{75C39209-B5EA-4696-6B3F-60B5F5A8F72A}"
EndProject
Project("{FAE04EC0-301F-11D3-BF4B-00C04F79EFBC}") = "LocalEmbeddingsExample", "local-embeddings\LocalEmbeddingsExample.csproj", "{A79C4DC6-F750-4681-9998-476408036108}"
EndProject
Project("{2150E333-8FDC-42A3-9474-1A3956D46DE8}") = "09-experimental", "09-experimental", "{62D5BDDB-8F0C-C15F-2593-512EB2B96F5F}"
EndProject
Project("{2150E333-8FDC-42A3-9474-1A3956D46DE8}") = "streaming-demo", "streaming-demo", "{D4DFB73F-BEA6-F183-60FB-5A5946DC239A}"
EndProject
Project("{FAE04EC0-301F-11D3-BF4B-00C04F79EFBC}") = "StreamingDemo", "09-experimental\streaming-demo\StreamingDemo.csproj", "{1D571642-F3C2-4B14-B3D8-39C5614CC55A}"
EndProject
Project("{2150E333-8FDC-42A3-9474-1A3956D46DE8}") = "interop", "interop", "{FA46DF89-6585-3869-AC2D-4F5A2BEB4D3F}"
EndProject
Project("{FAE04EC0-301F-11D3-BF4B-00C04F79EFBC}") = "AgentFrameworkInterop", "interop\agent-framework\AgentFrameworkInterop.csproj", "{9964A47B-F539-4F04-8159-BBA75292C9C9}"
EndProject
Project("{FAE04EC0-301F-11D3-BF4B-00C04F79EFBC}") = "Orkeon.Hosting", "..\src\hosting\Orkeon.Hosting\Orkeon.Hosting.csproj", "{AE6278B2-D34A-4CF2-84A6-F0ACE96AD56F}"
EndProject
Project("{FAE04EC0-301F-11D3-BF4B-00C04F79EFBC}") = "Orkeon.Constants.Cli", "..\src\constants\Orkeon.Constants.Cli\Orkeon.Constants.Cli.csproj", "{D6B5448E-74AF-4F52-94ED-A6D8177D7962}"
EndProject
Project("{FAE04EC0-301F-11D3-BF4B-00C04F79EFBC}") = "Orkeon.Constants.Configuration", "..\src\constants\Orkeon.Constants.Configuration\Orkeon.Constants.Configuration.csproj", "{7A59C4AB-2F9B-4651-B7A2-0AC7EC7DCE74}"
EndProject
Project("{FAE04EC0-301F-11D3-BF4B-00C04F79EFBC}") = "Orkeon.Scripting", "..\src\scripting\Orkeon.Scripting\Orkeon.Scripting.csproj", "{37D7F702-2009-494A-B00B-72B9651CF559}"
EndProject
Project("{FAE04EC0-301F-11D3-BF4B-00C04F79EFBC}") = "Orkeon.Tools.Analysis", "..\src\tools\Orkeon.Tools.Analysis\Orkeon.Tools.Analysis.csproj", "{EA303C48-3583-4D16-8122-6040D9087D6A}"
EndProject
Project("{FAE04EC0-301F-11D3-BF4B-00C04F79EFBC}") = "Orkeon.Tools.EventHub", "..\src\tools\Orkeon.Tools.EventHub\Orkeon.Tools.EventHub.csproj", "{41121C09-72AC-4126-8B43-C99794CDD258}"
EndProject
Project("{FAE04EC0-301F-11D3-BF4B-00C04F79EFBC}") = "Orkeon.Interop.AgentFramework", "..\src\interop\Orkeon.Interop.AgentFramework\Orkeon.Interop.AgentFramework.csproj", "{823655DE-43EB-4E11-BB2E-77DDBB232035}"
EndProject
Project("{2150E333-8FDC-42A3-9474-1A3956D46DE8}") = "aspire", "aspire", "{64880D93-BAB4-FF83-898C-B934B68C31A9}"
EndProject
Project("{FAE04EC0-301F-11D3-BF4B-00C04F79EFBC}") = "OrkeonAppHost", "aspire\AppHost\OrkeonAppHost.csproj", "{67F4BD14-43F5-4534-9221-CB3EE0721C07}"
EndProject
Project("{FAE04EC0-301F-11D3-BF4B-00C04F79EFBC}") = "Orkeon.Hosting.Aspire", "..\src\hosting\Orkeon.Hosting.Aspire\Orkeon.Hosting.Aspire.csproj", "{71E9D897-66B9-43BD-AB23-67F26B1B59E4}"
EndProject
Global
	GlobalSection(SolutionConfigurationPlatforms) = preSolution
		Debug|Any CPU = Debug|Any CPU
		Debug|x64 = Debug|x64
		Debug|x86 = Debug|x86
		Release|Any CPU = Release|Any CPU
		Release|x64 = Release|x64
		Release|x86 = Release|x86
	EndGlobalSection
	GlobalSection(ProjectConfigurationPlatforms) = postSolution
		{36D3BDF8-08A4-4154-B080-8D5273DEDEDE}.Debug|Any CPU.ActiveCfg = Debug|Any CPU
		{36D3BDF8-08A4-4154-B080-8D5273DEDEDE}.Debug|Any CPU.Build.0 = Debug|Any CPU
		{36D3BDF8-08A4-4154-B080-8D5273DEDEDE}.Debug|x64.ActiveCfg = Debug|Any CPU
		{36D3BDF8-08A4-4154-B080-8D5273DEDEDE}.Debug|x64.Build.0 = Debug|Any CPU
		{36D3BDF8-08A4-4154-B080-8D5273DEDEDE}.Debug|x86.ActiveCfg = Debug|Any CPU
		{36D3BDF8-08A4-4154-B080-8D5273DEDEDE}.Debug|x86.Build.0 = Debug|Any CPU
		{36D3BDF8-08A4-4154-B080-8D5273DEDEDE}.Release|Any CPU.ActiveCfg = Release|Any CPU
		{36D3BDF8-08A4-4154-B080-8D5273DEDEDE}.Release|Any CPU.Build.0 = Release|Any CPU
		{36D3BDF8-08A4-4154-B080-8D5273DEDEDE}.Release|x64.ActiveCfg = Release|Any CPU
		{36D3BDF8-08A4-4154-B080-8D5273DEDEDE}.Release|x64.Build.0 = Release|Any CPU
		{36D3BDF8-08A4-4154-B080-8D5273DEDEDE}.Release|x86.ActiveCfg = Release|Any CPU
		{36D3BDF8-08A4-4154-B080-8D5273DEDEDE}.Release|x86.Build.0 = Release|Any CPU
		{BB2A2E09-0CF9-4E19-BFC8-1C0DB4895E2F}.Debug|Any CPU.ActiveCfg = Debug|Any CPU
		{BB2A2E09-0CF9-4E19-BFC8-1C0DB4895E2F}.Debug|Any CPU.Build.0 = Debug|Any CPU
		{BB2A2E09-0CF9-4E19-BFC8-1C0DB4895E2F}.Debug|x64.ActiveCfg = Debug|Any CPU
		{BB2A2E09-0CF9-4E19-BFC8-1C0DB4895E2F}.Debug|x64.Build.0 = Debug|Any CPU
		{BB2A2E09-0CF9-4E19-BFC8-1C0DB4895E2F}.Debug|x86.ActiveCfg = Debug|Any CPU
		{BB2A2E09-0CF9-4E19-BFC8-1C0DB4895E2F}.Debug|x86.Build.0 = Debug|Any CPU
		{BB2A2E09-0CF9-4E19-BFC8-1C0DB4895E2F}.Release|Any CPU.ActiveCfg = Release|Any CPU
		{BB2A2E09-0CF9-4E19-BFC8-1C0DB4895E2F}.Release|Any CPU.Build.0 = Release|Any CPU
		{BB2A2E09-0CF9-4E19-BFC8-1C0DB4895E2F}.Release|x64.ActiveCfg = Release|Any CPU
		{BB2A2E09-0CF9-4E19-BFC8-1C0DB4895E2F}.Release|x64.Build.0 = Release|Any CPU
		{BB2A2E09-0CF9-4E19-BFC8-1C0DB4895E2F}.Release|x86.ActiveCfg = Release|Any CPU
		{BB2A2E09-0CF9-4E19-BFC8-1C0DB4895E2F}.Release|x86.Build.0 = Release|Any CPU
		{D8513F9B-500F-488A-A33B-53F651C559EF}.Debug|Any CPU.ActiveCfg = Debug|Any CPU
		{D8513F9B-500F-488A-A33B-53F651C559EF}.Debug|Any CPU.Build.0 = Debug|Any CPU
		{D8513F9B-500F-488A-A33B-53F651C559EF}.Debug|x64.ActiveCfg = Debug|Any CPU
		{D8513F9B-500F-488A-A33B-53F651C559EF}.Debug|x64.Build.0 = Debug|Any CPU
		{D8513F9B-500F-488A-A33B-53F651C559EF}.Debug|x86.ActiveCfg = Debug|Any CPU
		{D8513F9B-500F-488A-A33B-53F651C559EF}.Debug|x86.Build.0 = Debug|Any CPU
		{D8513F9B-500F-488A-A33B-53F651C559EF}.Release|Any CPU.ActiveCfg = Release|Any CPU
		{D8513F9B-500F-488A-A33B-53F651C559EF}.Release|Any CPU.Build.0 = Release|Any CPU
		{D8513F9B-500F-488A-A33B-53F651C559EF}.Release|x64.ActiveCfg = Release|Any CPU
		{D8513F9B-500F-488A-A33B-53F651C559EF}.Release|x64.Build.0 = Release|Any CPU
		{D8513F9B-500F-488A-A33B-53F651C559EF}.Release|x86.ActiveCfg = Release|Any CPU
		{D8513F9B-500F-488A-A33B-53F651C559EF}.Release|x86.Build.0 = Release|Any CPU
		{1893139E-8F3B-4C83-9206-C9470157060B}.Debug|Any CPU.ActiveCfg = Debug|Any CPU
		{1893139E-8F3B-4C83-9206-C9470157060B}.Debug|Any CPU.Build.0 = Debug|Any CPU
		{1893139E-8F3B-4C83-9206-C9470157060B}.Debug|x64.ActiveCfg = Debug|Any CPU
		{1893139E-8F3B-4C83-9206-C9470157060B}.Debug|x64.Build.0 = Debug|Any CPU
		{1893139E-8F3B-4C83-9206-C9470157060B}.Debug|x86.ActiveCfg = Debug|Any CPU
		{1893139E-8F3B-4C83-9206-C9470157060B}.Debug|x86.Build.0 = Debug|Any CPU
		{1893139E-8F3B-4C83-9206-C9470157060B}.Release|Any CPU.ActiveCfg = Release|Any CPU
		{1893139E-8F3B-4C83-9206-C9470157060B}.Release|Any CPU.Build.0 = Release|Any CPU
		{1893139E-8F3B-4C83-9206-C9470157060B}.Release|x64.ActiveCfg = Release|Any CPU
		{1893139E-8F3B-4C83-9206-C9470157060B}.Release|x64.Build.0 = Release|Any CPU
		{1893139E-8F3B-4C83-9206-C9470157060B}.Release|x86.ActiveCfg = Release|Any CPU
		{1893139E-8F3B-4C83-9206-C9470157060B}.Release|x86.Build.0 = Release|Any CPU
		{137A21FC-4ECD-4BC9-AC79-B89503FED3AC}.Debug|Any CPU.ActiveCfg = Debug|Any CPU
		{137A21FC-4ECD-4BC9-AC79-B89503FED3AC}.Debug|Any CPU.Build.0 = Debug|Any CPU
		{137A21FC-4ECD-4BC9-AC79-B89503FED3AC}.Debug|x64.ActiveCfg = Debug|Any CPU
		{137A21FC-4ECD-4BC9-AC79-B89503FED3AC}.Debug|x64.Build.0 = Debug|Any CPU
		{137A21FC-4ECD-4BC9-AC79-B89503FED3AC}.Debug|x86.ActiveCfg = Debug|Any CPU
		{137A21FC-4ECD-4BC9-AC79-B89503FED3AC}.Debug|x86.Build.0 = Debug|Any CPU
		{137A21FC-4ECD-4BC9-AC79-B89503FED3AC}.Release|Any CPU.ActiveCfg = Release|Any CPU
		{137A21FC-4ECD-4BC9-AC79-B89503FED3AC}.Release|Any CPU.Build.0 = Release|Any CPU
		{137A21FC-4ECD-4BC9-AC79-B89503FED3AC}.Release|x64.ActiveCfg = Release|Any CPU
		{137A21FC-4ECD-4BC9-AC79-B89503FED3AC}.Release|x64.Build.0 = Release|Any CPU
		{137A21FC-4ECD-4BC9-AC79-B89503FED3AC}.Release|x86.ActiveCfg = Release|Any CPU
		{137A21FC-4ECD-4BC9-AC79-B89503FED3AC}.Release|x86.Build.0 = Release|Any CPU
		{633A59F1-F599-4EBF-919E-AE8C225F112B}.Debug|Any CPU.ActiveCfg = Debug|Any CPU
		{633A59F1-F599-4EBF-919E-AE8C225F112B}.Debug|Any CPU.Build.0 = Debug|Any CPU
		{633A59F1-F599-4EBF-919E-AE8C225F112B}.Debug|x64.ActiveCfg = Debug|Any CPU
		{633A59F1-F599-4EBF-919E-AE8C225F112B}.Debug|x64.Build.0 = Debug|Any CPU
		{633A59F1-F599-4EBF-919E-AE8C225F112B}.Debug|x86.ActiveCfg = Debug|Any CPU
		{633A59F1-F599-4EBF-919E-AE8C225F112B}.Debug|x86.Build.0 = Debug|Any CPU
		{633A59F1-F599-4EBF-919E-AE8C225F112B}.Release|Any CPU.ActiveCfg = Release|Any CPU
		{633A59F1-F599-4EBF-919E-AE8C225F112B}.Release|Any CPU.Build.0 = Release|Any CPU
		{633A59F1-F599-4EBF-919E-AE8C225F112B}.Release|x64.ActiveCfg = Release|Any CPU
		{633A59F1-F599-4EBF-919E-AE8C225F112B}.Release|x64.Build.0 = Release|Any CPU
		{633A59F1-F599-4EBF-919E-AE8C225F112B}.Release|x86.ActiveCfg = Release|Any CPU
		{633A59F1-F599-4EBF-919E-AE8C225F112B}.Release|x86.Build.0 = Release|Any CPU
		{3D9837E1-D753-4038-B82B-15FE90A87B6F}.Debug|Any CPU.ActiveCfg = Debug|Any CPU
		{3D9837E1-D753-4038-B82B-15FE90A87B6F}.Debug|Any CPU.Build.0 = Debug|Any CPU
		{3D9837E1-D753-4038-B82B-15FE90A87B6F}.Debug|x64.ActiveCfg = Debug|Any CPU
		{3D9837E1-D753-4038-B82B-15FE90A87B6F}.Debug|x64.Build.0 = Debug|Any CPU
		{3D9837E1-D753-4038-B82B-15FE90A87B6F}.Debug|x86.ActiveCfg = Debug|Any CPU
		{3D9837E1-D753-4038-B82B-15FE90A87B6F}.Debug|x86.Build.0 = Debug|Any CPU
		{3D9837E1-D753-4038-B82B-15FE90A87B6F}.Release|Any CPU.ActiveCfg = Release|Any CPU
		{3D9837E1-D753-4038-B82B-15FE90A87B6F}.Release|Any CPU.Build.0 = Release|Any CPU
		{3D9837E1-D753-4038-B82B-15FE90A87B6F}.Release|x64.ActiveCfg = Release|Any CPU
		{3D9837E1-D753-4038-B82B-15FE90A87B6F}.Release|x64.Build.0 = Release|Any CPU
		{3D9837E1-D753-4038-B82B-15FE90A87B6F}.Release|x86.ActiveCfg = Release|Any CPU
		{3D9837E1-D753-4038-B82B-15FE90A87B6F}.Release|x86.Build.0 = Release|Any CPU
		{6BD032E4-2462-466B-8448-0771182541D6}.Debug|Any CPU.ActiveCfg = Debug|Any CPU
		{6BD032E4-2462-466B-8448-0771182541D6}.Debug|Any CPU.Build.0 = Debug|Any CPU
		{6BD032E4-2462-466B-8448-0771182541D6}.Debug|x64.ActiveCfg = Debug|Any CPU
		{6BD032E4-2462-466B-8448-0771182541D6}.Debug|x64.Build.0 = Debug|Any CPU
		{6BD032E4-2462-466B-8448-0771182541D6}.Debug|x86.ActiveCfg = Debug|Any CPU
		{6BD032E4-2462-466B-8448-0771182541D6}.Debug|x86.Build.0 = Debug|Any CPU
		{6BD032E4-2462-466B-8448-0771182541D6}.Release|Any CPU.ActiveCfg = Release|Any CPU
		{6BD032E4-2462-466B-8448-0771182541D6}.Release|Any CPU.Build.0 = Release|Any CPU
		{6BD032E4-2462-466B-8448-0771182541D6}.Release|x64.ActiveCfg = Release|Any CPU
		{6BD032E4-2462-466B-8448-0771182541D6}.Release|x64.Build.0 = Release|Any CPU
		{6BD032E4-2462-466B-8448-0771182541D6}.Release|x86.ActiveCfg = Release|Any CPU
		{6BD032E4-2462-466B-8448-0771182541D6}.Release|x86.Build.0 = Release|Any CPU
		{12107BBA-82EE-4A03-92FE-FE10B57AF55C}.Debug|Any CPU.ActiveCfg = Debug|Any CPU
		{12107BBA-82EE-4A03-92FE-FE10B57AF55C}.Debug|Any CPU.Build.0 = Debug|Any CPU
		{12107BBA-82EE-4A03-92FE-FE10B57AF55C}.Debug|x64.ActiveCfg = Debug|Any CPU
		{12107BBA-82EE-4A03-92FE-FE10B57AF55C}.Debug|x64.Build.0 = Debug|Any CPU
		{12107BBA-82EE-4A03-92FE-FE10B57AF55C}.Debug|x86.ActiveCfg = Debug|Any CPU
		{12107BBA-82EE-4A03-92FE-FE10B57AF55C}.Debug|x86.Build.0 = Debug|Any CPU
		{12107BBA-82EE-4A03-92FE-FE10B57AF55C}.Release|Any CPU.ActiveCfg = Release|Any CPU
		{12107BBA-82EE-4A03-92FE-FE10B57AF55C}.Release|Any CPU.Build.0 = Release|Any CPU
		{12107BBA-82EE-4A03-92FE-FE10B57AF55C}.Release|x64.ActiveCfg = Release|Any CPU
		{12107BBA-82EE-4A03-92FE-FE10B57AF55C}.Release|x64.Build.0 = Release|Any CPU
		{12107BBA-82EE-4A03-92FE-FE10B57AF55C}.Release|x86.ActiveCfg = Release|Any CPU
		{12107BBA-82EE-4A03-92FE-FE10B57AF55C}.Release|x86.Build.0 = Release|Any CPU
		{FA43CB0D-6282-4615-B8C9-7460289604A5}.Debug|Any CPU.ActiveCfg = Debug|Any CPU
		{FA43CB0D-6282-4615-B8C9-7460289604A5}.Debug|Any CPU.Build.0 = Debug|Any CPU
		{FA43CB0D-6282-4615-B8C9-7460289604A5}.Debug|x64.ActiveCfg = Debug|Any CPU
		{FA43CB0D-6282-4615-B8C9-7460289604A5}.Debug|x64.Build.0 = Debug|Any CPU
		{FA43CB0D-6282-4615-B8C9-7460289604A5}.Debug|x86.ActiveCfg = Debug|Any CPU
		{FA43CB0D-6282-4615-B8C9-7460289604A5}.Debug|x86.Build.0 = Debug|Any CPU
		{FA43CB0D-6282-4615-B8C9-7460289604A5}.Release|Any CPU.ActiveCfg = Release|Any CPU
		{FA43CB0D-6282-4615-B8C9-7460289604A5}.Release|Any CPU.Build.0 = Release|Any CPU
		{FA43CB0D-6282-4615-B8C9-7460289604A5}.Release|x64.ActiveCfg = Release|Any CPU
		{FA43CB0D-6282-4615-B8C9-7460289604A5}.Release|x64.Build.0 = Release|Any CPU
		{FA43CB0D-6282-4615-B8C9-7460289604A5}.Release|x86.ActiveCfg = Release|Any CPU
		{FA43CB0D-6282-4615-B8C9-7460289604A5}.Release|x86.Build.0 = Release|Any CPU
		{76457434-B479-470E-8CC1-792031A08526}.Debug|Any CPU.ActiveCfg = Debug|Any CPU
		{76457434-B479-470E-8CC1-792031A08526}.Debug|Any CPU.Build.0 = Debug|Any CPU
		{76457434-B479-470E-8CC1-792031A08526}.Debug|x64.ActiveCfg = Debug|Any CPU
		{76457434-B479-470E-8CC1-792031A08526}.Debug|x64.Build.0 = Debug|Any CPU
		{76457434-B479-470E-8CC1-792031A08526}.Debug|x86.ActiveCfg = Debug|Any CPU
		{76457434-B479-470E-8CC1-792031A08526}.Debug|x86.Build.0 = Debug|Any CPU
		{76457434-B479-470E-8CC1-792031A08526}.Release|Any CPU.ActiveCfg = Release|Any CPU
		{76457434-B479-470E-8CC1-792031A08526}.Release|Any CPU.Build.0 = Release|Any CPU
		{76457434-B479-470E-8CC1-792031A08526}.Release|x64.ActiveCfg = Release|Any CPU
		{76457434-B479-470E-8CC1-792031A08526}.Release|x64.Build.0 = Release|Any CPU
		{76457434-B479-470E-8CC1-792031A08526}.Release|x86.ActiveCfg = Release|Any CPU
		{76457434-B479-470E-8CC1-792031A08526}.Release|x86.Build.0 = Release|Any CPU
		{7EB11922-064B-4ABD-983F-36D3139550D2}.Debug|Any CPU.ActiveCfg = Debug|Any CPU
		{7EB11922-064B-4ABD-983F-36D3139550D2}.Debug|Any CPU.Build.0 = Debug|Any CPU
		{7EB11922-064B-4ABD-983F-36D3139550D2}.Debug|x64.ActiveCfg = Debug|Any CPU
		{7EB11922-064B-4ABD-983F-36D3139550D2}.Debug|x64.Build.0 = Debug|Any CPU
		{7EB11922-064B-4ABD-983F-36D3139550D2}.Debug|x86.ActiveCfg = Debug|Any CPU
		{7EB11922-064B-4ABD-983F-36D3139550D2}.Debug|x86.Build.0 = Debug|Any CPU
		{7EB11922-064B-4ABD-983F-36D3139550D2}.Release|Any CPU.ActiveCfg = Release|Any CPU
		{7EB11922-064B-4ABD-983F-36D3139550D2}.Release|Any CPU.Build.0 = Release|Any CPU
		{7EB11922-064B-4ABD-983F-36D3139550D2}.Release|x64.ActiveCfg = Release|Any CPU
		{7EB11922-064B-4ABD-983F-36D3139550D2}.Release|x64.Build.0 = Release|Any CPU
		{7EB11922-064B-4ABD-983F-36D3139550D2}.Release|x86.ActiveCfg = Release|Any CPU
		{7EB11922-064B-4ABD-983F-36D3139550D2}.Release|x86.Build.0 = Release|Any CPU
		{C41CA7AE-D8C4-4C3A-9725-DF51D89BFBF8}.Debug|Any CPU.ActiveCfg = Debug|Any CPU
		{C41CA7AE-D8C4-4C3A-9725-DF51D89BFBF8}.Debug|Any CPU.Build.0 = Debug|Any CPU
		{C41CA7AE-D8C4-4C3A-9725-DF51D89BFBF8}.Debug|x64.ActiveCfg = Debug|Any CPU
		{C41CA7AE-D8C4-4C3A-9725-DF51D89BFBF8}.Debug|x64.Build.0 = Debug|Any CPU
		{C41CA7AE-D8C4-4C3A-9725-DF51D89BFBF8}.Debug|x86.ActiveCfg = Debug|Any CPU
		{C41CA7AE-D8C4-4C3A-9725-DF51D89BFBF8}.Debug|x86.Build.0 = Debug|Any CPU
		{C41CA7AE-D8C4-4C3A-9725-DF51D89BFBF8}.Release|Any CPU.ActiveCfg = Release|Any CPU
		{C41CA7AE-D8C4-4C3A-9725-DF51D89BFBF8}.Release|Any CPU.Build.0 = Release|Any CPU
		{C41CA7AE-D8C4-4C3A-9725-DF51D89BFBF8}.Release|x64.ActiveCfg = Release|Any CPU
		{C41CA7AE-D8C4-4C3A-9725-DF51D89BFBF8}.Release|x64.Build.0 = Release|Any CPU
		{C41CA7AE-D8C4-4C3A-9725-DF51D89BFBF8}.Release|x86.ActiveCfg = Release|Any CPU
		{C41CA7AE-D8C4-4C3A-9725-DF51D89BFBF8}.Release|x86.Build.0 = Release|Any CPU
		{59C81F5E-758C-48F5-875C-DCCA6F4C8F5D}.Debug|Any CPU.ActiveCfg = Debug|Any CPU
		{59C81F5E-758C-48F5-875C-DCCA6F4C8F5D}.Debug|Any CPU.Build.0 = Debug|Any CPU
		{59C81F5E-758C-48F5-875C-DCCA6F4C8F5D}.Debug|x64.ActiveCfg = Debug|Any CPU
		{59C81F5E-758C-48F5-875C-DCCA6F4C8F5D}.Debug|x64.Build.0 = Debug|Any CPU
		{59C81F5E-758C-48F5-875C-DCCA6F4C8F5D}.Debug|x86.ActiveCfg = Debug|Any CPU
		{59C81F5E-758C-48F5-875C-DCCA6F4C8F5D}.Debug|x86.Build.0 = Debug|Any CPU
		{59C81F5E-758C-48F5-875C-DCCA6F4C8F5D}.Release|Any CPU.ActiveCfg = Release|Any CPU
		{59C81F5E-758C-48F5-875C-DCCA6F4C8F5D}.Release|Any CPU.Build.0 = Release|Any CPU
		{59C81F5E-758C-48F5-875C-DCCA6F4C8F5D}.Release|x64.ActiveCfg = Release|Any CPU
		{59C81F5E-758C-48F5-875C-DCCA6F4C8F5D}.Release|x64.Build.0 = Release|Any CPU
		{59C81F5E-758C-48F5-875C-DCCA6F4C8F5D}.Release|x86.ActiveCfg = Release|Any CPU
		{59C81F5E-758C-48F5-875C-DCCA6F4C8F5D}.Release|x86.Build.0 = Release|Any CPU
		{761B598A-2140-4D14-9561-4B1D5975975E}.Debug|Any CPU.ActiveCfg = Debug|Any CPU
		{761B598A-2140-4D14-9561-4B1D5975975E}.Debug|Any CPU.Build.0 = Debug|Any CPU
		{761B598A-2140-4D14-9561-4B1D5975975E}.Debug|x64.ActiveCfg = Debug|Any CPU
		{761B598A-2140-4D14-9561-4B1D5975975E}.Debug|x64.Build.0 = Debug|Any CPU
		{761B598A-2140-4D14-9561-4B1D5975975E}.Debug|x86.ActiveCfg = Debug|Any CPU
		{761B598A-2140-4D14-9561-4B1D5975975E}.Debug|x86.Build.0 = Debug|Any CPU
		{761B598A-2140-4D14-9561-4B1D5975975E}.Release|Any CPU.ActiveCfg = Release|Any CPU
		{761B598A-2140-4D14-9561-4B1D5975975E}.Release|Any CPU.Build.0 = Release|Any CPU
		{761B598A-2140-4D14-9561-4B1D5975975E}.Release|x64.ActiveCfg = Release|Any CPU
		{761B598A-2140-4D14-9561-4B1D5975975E}.Release|x64.Build.0 = Release|Any CPU
		{761B598A-2140-4D14-9561-4B1D5975975E}.Release|x86.ActiveCfg = Release|Any CPU
		{761B598A-2140-4D14-9561-4B1D5975975E}.Release|x86.Build.0 = Release|Any CPU
		{A0E9FDEE-CA61-43BF-9CCC-29218BCA2916}.Debug|Any CPU.ActiveCfg = Debug|Any CPU
		{A0E9FDEE-CA61-43BF-9CCC-29218BCA2916}.Debug|Any CPU.Build.0 = Debug|Any CPU
		{A0E9FDEE-CA61-43BF-9CCC-29218BCA2916}.Debug|x64.ActiveCfg = Debug|Any CPU
		{A0E9FDEE-CA61-43BF-9CCC-29218BCA2916}.Debug|x64.Build.0 = Debug|Any CPU
		{A0E9FDEE-CA61-43BF-9CCC-29218BCA2916}.Debug|x86.ActiveCfg = Debug|Any CPU
		{A0E9FDEE-CA61-43BF-9CCC-29218BCA2916}.Debug|x86.Build.0 = Debug|Any CPU
		{A0E9FDEE-CA61-43BF-9CCC-29218BCA2916}.Release|Any CPU.ActiveCfg = Release|Any CPU
		{A0E9FDEE-CA61-43BF-9CCC-29218BCA2916}.Release|Any CPU.Build.0 = Release|Any CPU
		{A0E9FDEE-CA61-43BF-9CCC-29218BCA2916}.Release|x64.ActiveCfg = Release|Any CPU
		{A0E9FDEE-CA61-43BF-9CCC-29218BCA2916}.Release|x64.Build.0 = Release|Any CPU
		{A0E9FDEE-CA61-43BF-9CCC-29218BCA2916}.Release|x86.ActiveCfg = Release|Any CPU
		{A0E9FDEE-CA61-43BF-9CCC-29218BCA2916}.Release|x86.Build.0 = Release|Any CPU
		{745E10F2-AA2A-4977-80C6-DCB4551F4526}.Debug|Any CPU.ActiveCfg = Debug|Any CPU
		{745E10F2-AA2A-4977-80C6-DCB4551F4526}.Debug|Any CPU.Build.0 = Debug|Any CPU
		{745E10F2-AA2A-4977-80C6-DCB4551F4526}.Debug|x64.ActiveCfg = Debug|Any CPU
		{745E10F2-AA2A-4977-80C6-DCB4551F4526}.Debug|x64.Build.0 = Debug|Any CPU
		{745E10F2-AA2A-4977-80C6-DCB4551F4526}.Debug|x86.ActiveCfg = Debug|Any CPU
		{745E10F2-AA2A-4977-80C6-DCB4551F4526}.Debug|x86.Build.0 = Debug|Any CPU
		{745E10F2-AA2A-4977-80C6-DCB4551F4526}.Release|Any CPU.ActiveCfg = Release|Any CPU
		{745E10F2-AA2A-4977-80C6-DCB4551F4526}.Release|Any CPU.Build.0 = Release|Any CPU
		{745E10F2-AA2A-4977-80C6-DCB4551F4526}.Release|x64.ActiveCfg = Release|Any CPU
		{745E10F2-AA2A-4977-80C6-DCB4551F4526}.Release|x64.Build.0 = Release|Any CPU
		{745E10F2-AA2A-4977-80C6-DCB4551F4526}.Release|x86.ActiveCfg = Release|Any CPU
		{745E10F2-AA2A-4977-80C6-DCB4551F4526}.Release|x86.Build.0 = Release|Any CPU
		{ED05FF9F-1974-43DF-8600-DD7CFF91DE30}.Debug|Any CPU.ActiveCfg = Debug|Any CPU
		{ED05FF9F-1974-43DF-8600-DD7CFF91DE30}.Debug|Any CPU.Build.0 = Debug|Any CPU
		{ED05FF9F-1974-43DF-8600-DD7CFF91DE30}.Debug|x64.ActiveCfg = Debug|Any CPU
		{ED05FF9F-1974-43DF-8600-DD7CFF91DE30}.Debug|x64.Build.0 = Debug|Any CPU
		{ED05FF9F-1974-43DF-8600-DD7CFF91DE30}.Debug|x86.ActiveCfg = Debug|Any CPU
		{ED05FF9F-1974-43DF-8600-DD7CFF91DE30}.Debug|x86.Build.0 = Debug|Any CPU
		{ED05FF9F-1974-43DF-8600-DD7CFF91DE30}.Release|Any CPU.ActiveCfg = Release|Any CPU
		{ED05FF9F-1974-43DF-8600-DD7CFF91DE30}.Release|Any CPU.Build.0 = Release|Any CPU
		{ED05FF9F-1974-43DF-8600-DD7CFF91DE30}.Release|x64.ActiveCfg = Release|Any CPU
		{ED05FF9F-1974-43DF-8600-DD7CFF91DE30}.Release|x64.Build.0 = Release|Any CPU
		{ED05FF9F-1974-43DF-8600-DD7CFF91DE30}.Release|x86.ActiveCfg = Release|Any CPU
		{ED05FF9F-1974-43DF-8600-DD7CFF91DE30}.Release|x86.Build.0 = Release|Any CPU
		{4F9A5F08-F0EC-4400-918C-3E3D3E90B10D}.Debug|Any CPU.ActiveCfg = Debug|Any CPU
		{4F9A5F08-F0EC-4400-918C-3E3D3E90B10D}.Debug|Any CPU.Build.0 = Debug|Any CPU
		{4F9A5F08-F0EC-4400-918C-3E3D3E90B10D}.Debug|x64.ActiveCfg = Debug|Any CPU
		{4F9A5F08-F0EC-4400-918C-3E3D3E90B10D}.Debug|x64.Build.0 = Debug|Any CPU
		{4F9A5F08-F0EC-4400-918C-3E3D3E90B10D}.Debug|x86.ActiveCfg = Debug|Any CPU
		{4F9A5F08-F0EC-4400-918C-3E3D3E90B10D}.Debug|x86.Build.0 = Debug|Any CPU
		{4F9A5F08-F0EC-4400-918C-3E3D3E90B10D}.Release|Any CPU.ActiveCfg = Release|Any CPU
		{4F9A5F08-F0EC-4400-918C-3E3D3E90B10D}.Release|Any CPU.Build.0 = Release|Any CPU
		{4F9A5F08-F0EC-4400-918C-3E3D3E90B10D}.Release|x64.ActiveCfg = Release|Any CPU
		{4F9A5F08-F0EC-4400-918C-3E3D3E90B10D}.Release|x64.Build.0 = Release|Any CPU
		{4F9A5F08-F0EC-4400-918C-3E3D3E90B10D}.Release|x86.ActiveCfg = Release|Any CPU
		{4F9A5F08-F0EC-4400-918C-3E3D3E90B10D}.Release|x86.Build.0 = Release|Any CPU
		{845B0A04-28E9-4C4F-A2E8-1F736E513611}.Debug|Any CPU.ActiveCfg = Debug|Any CPU
		{845B0A04-28E9-4C4F-A2E8-1F736E513611}.Debug|Any CPU.Build.0 = Debug|Any CPU
		{845B0A04-28E9-4C4F-A2E8-1F736E513611}.Debug|x64.ActiveCfg = Debug|Any CPU
		{845B0A04-28E9-4C4F-A2E8-1F736E513611}.Debug|x64.Build.0 = Debug|Any CPU
		{845B0A04-28E9-4C4F-A2E8-1F736E513611}.Debug|x86.ActiveCfg = Debug|Any CPU
		{845B0A04-28E9-4C4F-A2E8-1F736E513611}.Debug|x86.Build.0 = Debug|Any CPU
		{845B0A04-28E9-4C4F-A2E8-1F736E513611}.Release|Any CPU.ActiveCfg = Release|Any CPU
		{845B0A04-28E9-4C4F-A2E8-1F736E513611}.Release|Any CPU.Build.0 = Release|Any CPU
		{845B0A04-28E9-4C4F-A2E8-1F736E513611}.Release|x64.ActiveCfg = Release|Any CPU
		{845B0A04-28E9-4C4F-A2E8-1F736E513611}.Release|x64.Build.0 = Release|Any CPU
		{845B0A04-28E9-4C4F-A2E8-1F736E513611}.Release|x86.ActiveCfg = Release|Any CPU
		{845B0A04-28E9-4C4F-A2E8-1F736E513611}.Release|x86.Build.0 = Release|Any CPU
		{2484794D-5493-462E-90B0-8BA0880AF245}.Debug|Any CPU.ActiveCfg = Debug|Any CPU
		{2484794D-5493-462E-90B0-8BA0880AF245}.Debug|Any CPU.Build.0 = Debug|Any CPU
		{2484794D-5493-462E-90B0-8BA0880AF245}.Debug|x64.ActiveCfg = Debug|Any CPU
		{2484794D-5493-462E-90B0-8BA0880AF245}.Debug|x64.Build.0 = Debug|Any CPU
		{2484794D-5493-462E-90B0-8BA0880AF245}.Debug|x86.ActiveCfg = Debug|Any CPU
		{2484794D-5493-462E-90B0-8BA0880AF245}.Debug|x86.Build.0 = Debug|Any CPU
		{2484794D-5493-462E-90B0-8BA0880AF245}.Release|Any CPU.ActiveCfg = Release|Any CPU
		{2484794D-5493-462E-90B0-8BA0880AF245}.Release|Any CPU.Build.0 = Release|Any CPU
		{2484794D-5493-462E-90B0-8BA0880AF245}.Release|x64.ActiveCfg = Release|Any CPU
		{2484794D-5493-462E-90B0-8BA0880AF245}.Release|x64.Build.0 = Release|Any CPU
		{2484794D-5493-462E-90B0-8BA0880AF245}.Release|x86.ActiveCfg = Release|Any CPU
		{2484794D-5493-462E-90B0-8BA0880AF245}.Release|x86.Build.0 = Release|Any CPU
		{7FDB427E-88DB-4258-ACD1-F6CD4643B90B}.Debug|Any CPU.ActiveCfg = Debug|Any CPU
		{7FDB427E-88DB-4258-ACD1-F6CD4643B90B}.Debug|Any CPU.Build.0 = Debug|Any CPU
		{7FDB427E-88DB-4258-ACD1-F6CD4643B90B}.Debug|x64.ActiveCfg = Debug|Any CPU
		{7FDB427E-88DB-4258-ACD1-F6CD4643B90B}.Debug|x64.Build.0 = Debug|Any CPU
		{7FDB427E-88DB-4258-ACD1-F6CD4643B90B}.Debug|x86.ActiveCfg = Debug|Any CPU
		{7FDB427E-88DB-4258-ACD1-F6CD4643B90B}.Debug|x86.Build.0 = Debug|Any CPU
		{7FDB427E-88DB-4258-ACD1-F6CD4643B90B}.Release|Any CPU.ActiveCfg = Release|Any CPU
		{7FDB427E-88DB-4258-ACD1-F6CD4643B90B}.Release|Any CPU.Build.0 = Release|Any CPU
		{7FDB427E-88DB-4258-ACD1-F6CD4643B90B}.Release|x64.ActiveCfg = Release|Any CPU
		{7FDB427E-88DB-4258-ACD1-F6CD4643B90B}.Release|x64.Build.0 = Release|Any CPU
		{7FDB427E-88DB-4258-ACD1-F6CD4643B90B}.Release|x86.ActiveCfg = Release|Any CPU
		{7FDB427E-88DB-4258-ACD1-F6CD4643B90B}.Release|x86.Build.0 = Release|Any CPU
		{9129E65B-32D7-4D30-9E66-CD14C3AF9BCE}.Debug|Any CPU.ActiveCfg = Debug|Any CPU
		{9129E65B-32D7-4D30-9E66-CD14C3AF9BCE}.Debug|Any CPU.Build.0 = Debug|Any CPU
		{9129E65B-32D7-4D30-9E66-CD14C3AF9BCE}.Debug|x64.ActiveCfg = Debug|Any CPU
		{9129E65B-32D7-4D30-9E66-CD14C3AF9BCE}.Debug|x64.Build.0 = Debug|Any CPU
		{9129E65B-32D7-4D30-9E66-CD14C3AF9BCE}.Debug|x86.ActiveCfg = Debug|Any CPU
		{9129E65B-32D7-4D30-9E66-CD14C3AF9BCE}.Debug|x86.Build.0 = Debug|Any CPU
		{9129E65B-32D7-4D30-9E66-CD14C3AF9BCE}.Release|Any CPU.ActiveCfg = Release|Any CPU
		{9129E65B-32D7-4D30-9E66-CD14C3AF9BCE}.Release|Any CPU.Build.0 = Release|Any CPU
		{9129E65B-32D7-4D30-9E66-CD14C3AF9BCE}.Release|x64.ActiveCfg = Release|Any CPU
		{9129E65B-32D7-4D30-9E66-CD14C3AF9BCE}.Release|x64.Build.0 = Release|Any CPU
		{9129E65B-32D7-4D30-9E66-CD14C3AF9BCE}.Release|x86.ActiveCfg = Release|Any CPU
		{9129E65B-32D7-4D30-9E66-CD14C3AF9BCE}.Release|x86.Build.0 = Release|Any CPU
		{0CBBA03B-6AAE-49E3-8EC0-11965F5EA2A2}.Debug|Any CPU.ActiveCfg = Debug|Any CPU
		{0CBBA03B-6AAE-49E3-8EC0-11965F5EA2A2}.Debug|Any CPU.Build.0 = Debug|Any CPU
		{0CBBA03B-6AAE-49E3-8EC0-11965F5EA2A2}.Debug|x64.ActiveCfg = Debug|Any CPU
		{0CBBA03B-6AAE-49E3-8EC0-11965F5EA2A2}.Debug|x64.Build.0 = Debug|Any CPU
		{0CBBA03B-6AAE-49E3-8EC0-11965F5EA2A2}.Debug|x86.ActiveCfg = Debug|Any CPU
		{0CBBA03B-6AAE-49E3-8EC0-11965F5EA2A2}.Debug|x86.Build.0 = Debug|Any CPU
		{0CBBA03B-6AAE-49E3-8EC0-11965F5EA2A2}.Release|Any CPU.ActiveCfg = Release|Any CPU
		{0CBBA03B-6AAE-49E3-8EC0-11965F5EA2A2}.Release|Any CPU.Build.0 = Release|Any CPU
		{0CBBA03B-6AAE-49E3-8EC0-11965F5EA2A2}.Release|x64.ActiveCfg = Release|Any CPU
		{0CBBA03B-6AAE-49E3-8EC0-11965F5EA2A2}.Release|x64.Build.0 = Release|Any CPU
		{0CBBA03B-6AAE-49E3-8EC0-11965F5EA2A2}.Release|x86.ActiveCfg = Release|Any CPU
		{0CBBA03B-6AAE-49E3-8EC0-11965F5EA2A2}.Release|x86.Build.0 = Release|Any CPU
		{BCA4C160-A6B6-43F3-9318-B810E93EB61E}.Debug|Any CPU.ActiveCfg = Debug|Any CPU
		{BCA4C160-A6B6-43F3-9318-B810E93EB61E}.Debug|Any CPU.Build.0 = Debug|Any CPU
		{BCA4C160-A6B6-43F3-9318-B810E93EB61E}.Debug|x64.ActiveCfg = Debug|Any CPU
		{BCA4C160-A6B6-43F3-9318-B810E93EB61E}.Debug|x64.Build.0 = Debug|Any CPU
		{BCA4C160-A6B6-43F3-9318-B810E93EB61E}.Debug|x86.ActiveCfg = Debug|Any CPU
		{BCA4C160-A6B6-43F3-9318-B810E93EB61E}.Debug|x86.Build.0 = Debug|Any CPU
		{BCA4C160-A6B6-43F3-9318-B810E93EB61E}.Release|Any CPU.ActiveCfg = Release|Any CPU
		{BCA4C160-A6B6-43F3-9318-B810E93EB61E}.Release|Any CPU.Build.0 = Release|Any CPU
		{BCA4C160-A6B6-43F3-9318-B810E93EB61E}.Release|x64.ActiveCfg = Release|Any CPU
		{BCA4C160-A6B6-43F3-9318-B810E93EB61E}.Release|x64.Build.0 = Release|Any CPU
		{BCA4C160-A6B6-43F3-9318-B810E93EB61E}.Release|x86.ActiveCfg = Release|Any CPU
		{BCA4C160-A6B6-43F3-9318-B810E93EB61E}.Release|x86.Build.0 = Release|Any CPU
		{3F8D8833-3C44-4FD8-9855-659DCE4EADC0}.Debug|Any CPU.ActiveCfg = Debug|Any CPU
		{3F8D8833-3C44-4FD8-9855-659DCE4EADC0}.Debug|Any CPU.Build.0 = Debug|Any CPU
		{3F8D8833-3C44-4FD8-9855-659DCE4EADC0}.Debug|x64.ActiveCfg = Debug|Any CPU
		{3F8D8833-3C44-4FD8-9855-659DCE4EADC0}.Debug|x64.Build.0 = Debug|Any CPU
		{3F8D8833-3C44-4FD8-9855-659DCE4EADC0}.Debug|x86.ActiveCfg = Debug|Any CPU
		{3F8D8833-3C44-4FD8-9855-659DCE4EADC0}.Debug|x86.Build.0 = Debug|Any CPU
		{3F8D8833-3C44-4FD8-9855-659DCE4EADC0}.Release|Any CPU.ActiveCfg = Release|Any CPU
		{3F8D8833-3C44-4FD8-9855-659DCE4EADC0}.Release|Any CPU.Build.0 = Release|Any CPU
		{3F8D8833-3C44-4FD8-9855-659DCE4EADC0}.Release|x64.ActiveCfg = Release|Any CPU
		{3F8D8833-3C44-4FD8-9855-659DCE4EADC0}.Release|x64.Build.0 = Release|Any CPU
		{3F8D8833-3C44-4FD8-9855-659DCE4EADC0}.Release|x86.ActiveCfg = Release|Any CPU
		{3F8D8833-3C44-4FD8-9855-659DCE4EADC0}.Release|x86.Build.0 = Release|Any CPU
		{A79C4DC6-F750-4681-9998-476408036108}.Debug|Any CPU.ActiveCfg = Debug|Any CPU
		{A79C4DC6-F750-4681-9998-476408036108}.Debug|Any CPU.Build.0 = Debug|Any CPU
		{A79C4DC6-F750-4681-9998-476408036108}.Debug|x64.ActiveCfg = Debug|Any CPU
		{A79C4DC6-F750-4681-9998-476408036108}.Debug|x64.Build.0 = Debug|Any CPU
		{A79C4DC6-F750-4681-9998-476408036108}.Debug|x86.ActiveCfg = Debug|Any CPU
		{A79C4DC6-F750-4681-9998-476408036108}.Debug|x86.Build.0 = Debug|Any CPU
		{A79C4DC6-F750-4681-9998-476408036108}.Release|Any CPU.ActiveCfg = Release|Any CPU
		{A79C4DC6-F750-4681-9998-476408036108}.Release|Any CPU.Build.0 = Release|Any CPU
		{A79C4DC6-F750-4681-9998-476408036108}.Release|x64.ActiveCfg = Release|Any CPU
		{A79C4DC6-F750-4681-9998-476408036108}.Release|x64.Build.0 = Release|Any CPU
		{A79C4DC6-F750-4681-9998-476408036108}.Release|x86.ActiveCfg = Release|Any CPU
		{A79C4DC6-F750-4681-9998-476408036108}.Release|x86.Build.0 = Release|Any CPU
		{1D571642-F3C2-4B14-B3D8-39C5614CC55A}.Debug|Any CPU.ActiveCfg = Debug|Any CPU
		{1D571642-F3C2-4B14-B3D8-39C5614CC55A}.Debug|Any CPU.Build.0 = Debug|Any CPU
		{1D571642-F3C2-4B14-B3D8-39C5614CC55A}.Debug|x64.ActiveCfg = Debug|Any CPU
		{1D571642-F3C2-4B14-B3D8-39C5614CC55A}.Debug|x64.Build.0 = Debug|Any CPU
		{1D571642-F3C2-4B14-B3D8-39C5614CC55A}.Debug|x86.ActiveCfg = Debug|Any CPU
		{1D571642-F3C2-4B14-B3D8-39C5614CC55A}.Debug|x86.Build.0 = Debug|Any CPU
		{1D571642-F3C2-4B14-B3D8-39C5614CC55A}.Release|Any CPU.ActiveCfg = Release|Any CPU
		{1D571642-F3C2-4B14-B3D8-39C5614CC55A}.Release|Any CPU.Build.0 = Release|Any CPU
		{1D571642-F3C2-4B14-B3D8-39C5614CC55A}.Release|x64.ActiveCfg = Release|Any CPU
		{1D571642-F3C2-4B14-B3D8-39C5614CC55A}.Release|x64.Build.0 = Release|Any CPU
		{1D571642-F3C2-4B14-B3D8-39C5614CC55A}.Release|x86.ActiveCfg = Release|Any CPU
		{1D571642-F3C2-4B14-B3D8-39C5614CC55A}.Release|x86.Build.0 = Release|Any CPU
		{9964A47B-F539-4F04-8159-BBA75292C9C9}.Debug|Any CPU.ActiveCfg = Debug|Any CPU
		{9964A47B-F539-4F04-8159-BBA75292C9C9}.Debug|Any CPU.Build.0 = Debug|Any CPU
		{9964A47B-F539-4F04-8159-BBA75292C9C9}.Debug|x64.ActiveCfg = Debug|Any CPU
		{9964A47B-F539-4F04-8159-BBA75292C9C9}.Debug|x64.Build.0 = Debug|Any CPU
		{9964A47B-F539-4F04-8159-BBA75292C9C9}.Debug|x86.ActiveCfg = Debug|Any CPU
		{9964A47B-F539-4F04-8159-BBA75292C9C9}.Debug|x86.Build.0 = Debug|Any CPU
		{9964A47B-F539-4F04-8159-BBA75292C9C9}.Release|Any CPU.ActiveCfg = Release|Any CPU
		{9964A47B-F539-4F04-8159-BBA75292C9C9}.Release|Any CPU.Build.0 = Release|Any CPU
		{9964A47B-F539-4F04-8159-BBA75292C9C9}.Release|x64.ActiveCfg = Release|Any CPU
		{9964A47B-F539-4F04-8159-BBA75292C9C9}.Release|x64.Build.0 = Release|Any CPU
		{9964A47B-F539-4F04-8159-BBA75292C9C9}.Release|x86.ActiveCfg = Release|Any CPU
		{9964A47B-F539-4F04-8159-BBA75292C9C9}.Release|x86.Build.0 = Release|Any CPU
		{AE6278B2-D34A-4CF2-84A6-F0ACE96AD56F}.Debug|Any CPU.ActiveCfg = Debug|Any CPU
		{AE6278B2-D34A-4CF2-84A6-F0ACE96AD56F}.Debug|Any CPU.Build.0 = Debug|Any CPU
		{AE6278B2-D34A-4CF2-84A6-F0ACE96AD56F}.Debug|x64.ActiveCfg = Debug|Any CPU
		{AE6278B2-D34A-4CF2-84A6-F0ACE96AD56F}.Debug|x64.Build.0 = Debug|Any CPU
		{AE6278B2-D34A-4CF2-84A6-F0ACE96AD56F}.Debug|x86.ActiveCfg = Debug|Any CPU
		{AE6278B2-D34A-4CF2-84A6-F0ACE96AD56F}.Debug|x86.Build.0 = Debug|Any CPU
		{AE6278B2-D34A-4CF2-84A6-F0ACE96AD56F}.Release|Any CPU.ActiveCfg = Release|Any CPU
		{AE6278B2-D34A-4CF2-84A6-F0ACE96AD56F}.Release|Any CPU.Build.0 = Release|Any CPU
		{AE6278B2-D34A-4CF2-84A6-F0ACE96AD56F}.Release|x64.ActiveCfg = Release|Any CPU
		{AE6278B2-D34A-4CF2-84A6-F0ACE96AD56F}.Release|x64.Build.0 = Release|Any CPU
		{AE6278B2-D34A-4CF2-84A6-F0ACE96AD56F}.Release|x86.ActiveCfg = Release|Any CPU
		{AE6278B2-D34A-4CF2-84A6-F0ACE96AD56F}.Release|x86.Build.0 = Release|Any CPU
		{D6B5448E-74AF-4F52-94ED-A6D8177D7962}.Debug|Any CPU.ActiveCfg = Debug|Any CPU
		{D6B5448E-74AF-4F52-94ED-A6D8177D7962}.Debug|Any CPU.Build.0 = Debug|Any CPU
		{D6B5448E-74AF-4F52-94ED-A6D8177D7962}.Debug|x64.ActiveCfg = Debug|Any CPU
		{D6B5448E-74AF-4F52-94ED-A6D8177D7962}.Debug|x64.Build.0 = Debug|Any CPU
		{D6B5448E-74AF-4F52-94ED-A6D8177D7962}.Debug|x86.ActiveCfg = Debug|Any CPU
		{D6B5448E-74AF-4F52-94ED-A6D8177D7962}.Debug|x86.Build.0 = Debug|Any CPU
		{D6B5448E-74AF-4F52-94ED-A6D8177D7962}.Release|Any CPU.ActiveCfg = Release|Any CPU
		{D6B5448E-74AF-4F52-94ED-A6D8177D7962}.Release|Any CPU.Build.0 = Release|Any CPU
		{D6B5448E-74AF-4F52-94ED-A6D8177D7962}.Release|x64.ActiveCfg = Release|Any CPU
		{D6B5448E-74AF-4F52-94ED-A6D8177D7962}.Release|x64.Build.0 = Release|Any CPU
		{D6B5448E-74AF-4F52-94ED-A6D8177D7962}.Release|x86.ActiveCfg = Release|Any CPU
		{D6B5448E-74AF-4F52-94ED-A6D8177D7962}.Release|x86.Build.0 = Release|Any CPU
		{7A59C4AB-2F9B-4651-B7A2-0AC7EC7DCE74}.Debug|Any CPU.ActiveCfg = Debug|Any CPU
		{7A59C4AB-2F9B-4651-B7A2-0AC7EC7DCE74}.Debug|Any CPU.Build.0 = Debug|Any CPU
		{7A59C4AB-2F9B-4651-B7A2-0AC7EC7DCE74}.Debug|x64.ActiveCfg = Debug|Any CPU
		{7A59C4AB-2F9B-4651-B7A2-0AC7EC7DCE74}.Debug|x64.Build.0 = Debug|Any CPU
		{7A59C4AB-2F9B-4651-B7A2-0AC7EC7DCE74}.Debug|x86.ActiveCfg = Debug|Any CPU
		{7A59C4AB-2F9B-4651-B7A2-0AC7EC7DCE74}.Debug|x86.Build.0 = Debug|Any CPU
		{7A59C4AB-2F9B-4651-B7A2-0AC7EC7DCE74}.Release|Any CPU.ActiveCfg = Release|Any CPU
		{7A59C4AB-2F9B-4651-B7A2-0AC7EC7DCE74}.Release|Any CPU.Build.0 = Release|Any CPU
		{7A59C4AB-2F9B-4651-B7A2-0AC7EC7DCE74}.Release|x64.ActiveCfg = Release|Any CPU
		{7A59C4AB-2F9B-4651-B7A2-0AC7EC7DCE74}.Release|x64.Build.0 = Release|Any CPU
		{7A59C4AB-2F9B-4651-B7A2-0AC7EC7DCE74}.Release|x86.ActiveCfg = Release|Any CPU
		{7A59C4AB-2F9B-4651-B7A2-0AC7EC7DCE74}.Release|x86.Build.0 = Release|Any CPU
		{37D7F702-2009-494A-B00B-72B9651CF559}.Debug|Any CPU.ActiveCfg = Debug|Any CPU
		{37D7F702-2009-494A-B00B-72B9651CF559}.Debug|Any CPU.Build.0 = Debug|Any CPU
		{37D7F702-2009-494A-B00B-72B9651CF559}.Debug|x64.ActiveCfg = Debug|Any CPU
		{37D7F702-2009-494A-B00B-72B9651CF559}.Debug|x64.Build.0 = Debug|Any CPU
		{37D7F702-2009-494A-B00B-72B9651CF559}.Debug|x86.ActiveCfg = Debug|Any CPU
		{37D7F702-2009-494A-B00B-72B9651CF559}.Debug|x86.Build.0 = Debug|Any CPU
		{37D7F702-2009-494A-B00B-72B9651CF559}.Release|Any CPU.ActiveCfg = Release|Any CPU
		{37D7F702-2009-494A-B00B-72B9651CF559}.Release|Any CPU.Build.0 = Release|Any CPU
		{37D7F702-2009-494A-B00B-72B9651CF559}.Release|x64.ActiveCfg = Release|Any CPU
		{37D7F702-2009-494A-B00B-72B9651CF559}.Release|x64.Build.0 = Release|Any CPU
		{37D7F702-2009-494A-B00B-72B9651CF559}.Release|x86.ActiveCfg = Release|Any CPU
		{37D7F702-2009-494A-B00B-72B9651CF559}.Release|x86.Build.0 = Release|Any CPU
		{EA303C48-3583-4D16-8122-6040D9087D6A}.Debug|Any CPU.ActiveCfg = Debug|Any CPU
		{EA303C48-3583-4D16-8122-6040D9087D6A}.Debug|Any CPU.Build.0 = Debug|Any CPU
		{EA303C48-3583-4D16-8122-6040D9087D6A}.Debug|x64.ActiveCfg = Debug|Any CPU
		{EA303C48-3583-4D16-8122-6040D9087D6A}.Debug|x64.Build.0 = Debug|Any CPU
		{EA303C48-3583-4D16-8122-6040D9087D6A}.Debug|x86.ActiveCfg = Debug|Any CPU
		{EA303C48-3583-4D16-8122-6040D9087D6A}.Debug|x86.Build.0 = Debug|Any CPU
		{EA303C48-3583-4D16-8122-6040D9087D6A}.Release|Any CPU.ActiveCfg = Release|Any CPU
		{EA303C48-3583-4D16-8122-6040D9087D6A}.Release|Any CPU.Build.0 = Release|Any CPU
		{EA303C48-3583-4D16-8122-6040D9087D6A}.Release|x64.ActiveCfg = Release|Any CPU
		{EA303C48-3583-4D16-8122-6040D9087D6A}.Release|x64.Build.0 = Release|Any CPU
		{EA303C48-3583-4D16-8122-6040D9087D6A}.Release|x86.ActiveCfg = Release|Any CPU
		{EA303C48-3583-4D16-8122-6040D9087D6A}.Release|x86.Build.0 = Release|Any CPU
		{41121C09-72AC-4126-8B43-C99794CDD258}.Debug|Any CPU.ActiveCfg = Debug|Any CPU
		{41121C09-72AC-4126-8B43-C99794CDD258}.Debug|Any CPU.Build.0 = Debug|Any CPU
		{41121C09-72AC-4126-8B43-C99794CDD258}.Debug|x64.ActiveCfg = Debug|Any CPU
		{41121C09-72AC-4126-8B43-C99794CDD258}.Debug|x64.Build.0 = Debug|Any CPU
		{41121C09-72AC-4126-8B43-C99794CDD258}.Debug|x86.ActiveCfg = Debug|Any CPU
		{41121C09-72AC-4126-8B43-C99794CDD258}.Debug|x86.Build.0 = Debug|Any CPU
		{41121C09-72AC-4126-8B43-C99794CDD258}.Release|Any CPU.ActiveCfg = Release|Any CPU
		{41121C09-72AC-4126-8B43-C99794CDD258}.Release|Any CPU.Build.0 = Release|Any CPU
		{41121C09-72AC-4126-8B43-C99794CDD258}.Release|x64.ActiveCfg = Release|Any CPU
		{41121C09-72AC-4126-8B43-C99794CDD258}.Release|x64.Build.0 = Release|Any CPU
		{41121C09-72AC-4126-8B43-C99794CDD258}.Release|x86.ActiveCfg = Release|Any CPU
		{41121C09-72AC-4126-8B43-C99794CDD258}.Release|x86.Build.0 = Release|Any CPU
		{823655DE-43EB-4E11-BB2E-77DDBB232035}.Debug|Any CPU.ActiveCfg = Debug|Any CPU
		{823655DE-43EB-4E11-BB2E-77DDBB232035}.Debug|Any CPU.Build.0 = Debug|Any CPU
		{823655DE-43EB-4E11-BB2E-77DDBB232035}.Debug|x64.ActiveCfg = Debug|Any CPU
		{823655DE-43EB-4E11-BB2E-77DDBB232035}.Debug|x64.Build.0 = Debug|Any CPU
		{823655DE-43EB-4E11-BB2E-77DDBB232035}.Debug|x86.ActiveCfg = Debug|Any CPU
		{823655DE-43EB-4E11-BB2E-77DDBB232035}.Debug|x86.Build.0 = Debug|Any CPU
		{823655DE-43EB-4E11-BB2E-77DDBB232035}.Release|Any CPU.ActiveCfg = Release|Any CPU
		{823655DE-43EB-4E11-BB2E-77DDBB232035}.Release|Any CPU.Build.0 = Release|Any CPU
		{823655DE-43EB-4E11-BB2E-77DDBB232035}.Release|x64.ActiveCfg = Release|Any CPU
		{823655DE-43EB-4E11-BB2E-77DDBB232035}.Release|x64.Build.0 = Release|Any CPU
		{823655DE-43EB-4E11-BB2E-77DDBB232035}.Release|x86.ActiveCfg = Release|Any CPU
		{823655DE-43EB-4E11-BB2E-77DDBB232035}.Release|x86.Build.0 = Release|Any CPU
		{67F4BD14-43F5-4534-9221-CB3EE0721C07}.Debug|Any CPU.ActiveCfg = Debug|Any CPU
		{67F4BD14-43F5-4534-9221-CB3EE0721C07}.Debug|Any CPU.Build.0 = Debug|Any CPU
		{67F4BD14-43F5-4534-9221-CB3EE0721C07}.Debug|x64.ActiveCfg = Debug|Any CPU
		{67F4BD14-43F5-4534-9221-CB3EE0721C07}.Debug|x64.Build.0 = Debug|Any CPU
		{67F4BD14-43F5-4534-9221-CB3EE0721C07}.Debug|x86.ActiveCfg = Debug|Any CPU
		{67F4BD14-43F5-4534-9221-CB3EE0721C07}.Debug|x86.Build.0 = Debug|Any CPU
		{67F4BD14-43F5-4534-9221-CB3EE0721C07}.Release|Any CPU.ActiveCfg = Release|Any CPU
		{67F4BD14-43F5-4534-9221-CB3EE0721C07}.Release|Any CPU.Build.0 = Release|Any CPU
		{67F4BD14-43F5-4534-9221-CB3EE0721C07}.Release|x64.ActiveCfg = Release|Any CPU
		{67F4BD14-43F5-4534-9221-CB3EE0721C07}.Release|x64.Build.0 = Release|Any CPU
		{67F4BD14-43F5-4534-9221-CB3EE0721C07}.Release|x86.ActiveCfg = Release|Any CPU
		{67F4BD14-43F5-4534-9221-CB3EE0721C07}.Release|x86.Build.0 = Release|Any CPU
		{71E9D897-66B9-43BD-AB23-67F26B1B59E4}.Debug|Any CPU.ActiveCfg = Debug|Any CPU
		{71E9D897-66B9-43BD-AB23-67F26B1B59E4}.Debug|Any CPU.Build.0 = Debug|Any CPU
		{71E9D897-66B9-43BD-AB23-67F26B1B59E4}.Debug|x64.ActiveCfg = Debug|Any CPU
		{71E9D897-66B9-43BD-AB23-67F26B1B59E4}.Debug|x64.Build.0 = Debug|Any CPU
		{71E9D897-66B9-43BD-AB23-67F26B1B59E4}.Debug|x86.ActiveCfg = Debug|Any CPU
		{71E9D897-66B9-43BD-AB23-67F26B1B59E4}.Debug|x86.Build.0 = Debug|Any CPU
		{71E9D897-66B9-43BD-AB23-67F26B1B59E4}.Release|Any CPU.ActiveCfg = Release|Any CPU
		{71E9D897-66B9-43BD-AB23-67F26B1B59E4}.Release|Any CPU.Build.0 = Release|Any CPU
		{71E9D897-66B9-43BD-AB23-67F26B1B59E4}.Release|x64.ActiveCfg = Release|Any CPU
		{71E9D897-66B9-43BD-AB23-67F26B1B59E4}.Release|x64.Build.0 = Release|Any CPU
		{71E9D897-66B9-43BD-AB23-67F26B1B59E4}.Release|x86.ActiveCfg = Release|Any CPU
		{71E9D897-66B9-43BD-AB23-67F26B1B59E4}.Release|x86.Build.0 = Release|Any CPU
	EndGlobalSection
	GlobalSection(SolutionProperties) = preSolution
		HideSolutionNode = FALSE
	EndGlobalSection
	GlobalSection(NestedProjects) = preSolution
		{C41CA7AE-D8C4-4C3A-9725-DF51D89BFBF8} = {AB1FBAF0-05C0-47EF-91DD-9DF5AAC4BC3E}
		{4F9A5F08-F0EC-4400-918C-3E3D3E90B10D} = {AB1FBAF0-05C0-47EF-91DD-9DF5AAC4BC3E}
		{845B0A04-28E9-4C4F-A2E8-1F736E513611} = {AB1FBAF0-05C0-47EF-91DD-9DF5AAC4BC3E}
		{2484794D-5493-462E-90B0-8BA0880AF245} = {AB1FBAF0-05C0-47EF-91DD-9DF5AAC4BC3E}
		{41B9F578-9AB5-3EFE-F43D-27F556036036} = {34800CC1-E55D-4600-7E33-868B79EB3CE8}
		{7FDB427E-88DB-4258-ACD1-F6CD4643B90B} = {41B9F578-9AB5-3EFE-F43D-27F556036036}
		{50C08EE9-1221-0593-2BEF-60429E51DF41} = {34800CC1-E55D-4600-7E33-868B79EB3CE8}
		{3F8D8833-3C44-4FD8-9855-659DCE4EADC0} = {50C08EE9-1221-0593-2BEF-60429E51DF41}
		{A79C4DC6-F750-4681-9998-476408036108} = {75C39209-B5EA-4696-6B3F-60B5F5A8F72A}
		{D4DFB73F-BEA6-F183-60FB-5A5946DC239A} = {62D5BDDB-8F0C-C15F-2593-512EB2B96F5F}
		{1D571642-F3C2-4B14-B3D8-39C5614CC55A} = {D4DFB73F-BEA6-F183-60FB-5A5946DC239A}
		{9964A47B-F539-4F04-8159-BBA75292C9C9} = {FA46DF89-6585-3869-AC2D-4F5A2BEB4D3F}
		{AE6278B2-D34A-4CF2-84A6-F0ACE96AD56F} = {FA46DF89-6585-3869-AC2D-4F5A2BEB4D3F}
		{D6B5448E-74AF-4F52-94ED-A6D8177D7962} = {FA46DF89-6585-3869-AC2D-4F5A2BEB4D3F}
		{7A59C4AB-2F9B-4651-B7A2-0AC7EC7DCE74} = {FA46DF89-6585-3869-AC2D-4F5A2BEB4D3F}
		{37D7F702-2009-494A-B00B-72B9651CF559} = {FA46DF89-6585-3869-AC2D-4F5A2BEB4D3F}
		{EA303C48-3583-4D16-8122-6040D9087D6A} = {FA46DF89-6585-3869-AC2D-4F5A2BEB4D3F}
		{41121C09-72AC-4126-8B43-C99794CDD258} = {FA46DF89-6585-3869-AC2D-4F5A2BEB4D3F}
		{823655DE-43EB-4E11-BB2E-77DDBB232035} = {FA46DF89-6585-3869-AC2D-4F5A2BEB4D3F}
		{67F4BD14-43F5-4534-9221-CB3EE0721C07} = {64880D93-BAB4-FF83-898C-B934B68C31A9}
		{71E9D897-66B9-43BD-AB23-67F26B1B59E4} = {64880D93-BAB4-FF83-898C-B934B68C31A9}
	EndGlobalSection
	GlobalSection(ExtensibilityGlobals) = postSolution
		SolutionGuid = {6C79EE2A-F2DA-4C8D-A347-172FFB1883B8}
	EndGlobalSection
EndGlobal
